// !$*UTF8*$!
{
	archiveVersion = 1;
	classes = {
	};
	objectVersion = 50;
	objects = {

/* Begin PBXBuildFile section */
		EDC38D40224F43C4008FF128 /* AppDelegate.swift in Sources */ = {isa = PBXBuildFile; fileRef = EDC38D3F224F43C4008FF128 /* AppDelegate.swift */; };
		EDC38D42224F43C4008FF128 /* ViewController.swift in Sources */ = {isa = PBXBuildFile; fileRef = EDC38D41224F43C4008FF128 /* ViewController.swift */; };
		EDC38D45224F43C4008FF128 /* Main.storyboard in Resources */ = {isa = PBXBuildFile; fileRef = EDC38D43224F43C4008FF128 /* Main.storyboard */; };
		EDC38D47224F43C6008FF128 /* Assets.xcassets in Resources */ = {isa = PBXBuildFile; fileRef = EDC38D46224F43C6008FF128 /* Assets.xcassets */; };
		EDC38D4A224F43C6008FF128 /* LaunchScreen.storyboard in Resources */ = {isa = PBXBuildFile; fileRef = EDC38D48224F43C6008FF128 /* LaunchScreen.storyboard */; };
		EDC38D52224F48AB008FF128 /* FoodCell.swift in Sources */ = {isa = PBXBuildFile; fileRef = EDC38D51224F48AB008FF128 /* FoodCell.swift */; };
		EDC38D54224F4A8F008FF128 /* foodfile.swift in Sources */ = {isa = PBXBuildFile; fileRef = EDC38D53224F4A8F008FF128 /* foodfile.swift */; };
/* End PBXBuildFile section */

/* Begin PBXFileReference section */
		EDC38D3C224F43C4008FF128 /* expirationdate.app */ = {isa = PBXFileReference; explicitFileType = wrapper.application; includeInIndex = 0; path = expirationdate.app; sourceTree = BUILT_PRODUCTS_DIR; };
		EDC38D3F224F43C4008FF128 /* AppDelegate.swift */ = {isa = PBXFileReference; lastKnownFileType = sourcecode.swift; path = AppDelegate.swift; sourceTree = "<group>"; };
		EDC38D41224F43C4008FF128 /* ViewController.swift */ = {isa = PBXFileReference; lastKnownFileType = sourcecode.swift; path = ViewController.swift; sourceTree = "<group>"; };
		EDC38D44224F43C4008FF128 /* Base */ = {isa = PBXFileReference; lastKnownFileType = file.storyboard; name = Base; path = Base.lproj/Main.storyboard; sourceTree = "<group>"; };
		EDC38D46224F43C6008FF128 /* Assets.xcassets */ = {isa = PBXFileReference; lastKnownFileType = folder.assetcatalog; path = Assets.xcassets; sourceTree = "<group>"; };
		EDC38D49224F43C6008FF128 /* Base */ = {isa = PBXFileReference; lastKnownFileType = file.storyboard; name = Base; path = Base.lproj/LaunchScreen.storyboard; sourceTree = "<group>"; };
		EDC38D4B224F43C6008FF128 /* Info.plist */ = {isa = PBXFileReference; lastKnownFileType = text.plist.xml; path = Info.plist; sourceTree = "<group>"; };
		EDC38D51224F48AB008FF128 /* FoodCell.swift */ = {isa = PBXFileReference; lastKnownFileType = sourcecode.swift; path = FoodCell.swift; sourceTree = "<group>"; };
		EDC38D53224F4A8F008FF128 /* foodfile.swift */ = {isa = PBXFileReference; lastKnownFileType = sourcecode.swift; path = foodfile.swift; sourceTree = "<group>"; };
/* End PBXFileReference section */

/* Begin PBXFrameworksBuildPhase section */
		EDC38D39224F43C4008FF128 /* Frameworks */ = {
			isa = PBXFrameworksBuildPhase;
			buildActionMask = 2147483647;
			files = (
			);
			runOnlyForDeploymentPostprocessing = 0;
		};
/* End PBXFrameworksBuildPhase section */

/* Begin PBXGroup section */
		EDC38D33224F43C4008FF128 = {
			isa = PBXGroup;
			children = (
				EDC38D3E224F43C4008FF128 /* expirationdate */,
				EDC38D3D224F43C4008FF128 /* Products */,
			);
			sourceTree = "<group>";
		};
		EDC38D3D224F43C4008FF128 /* Products */ = {
			isa = PBXGroup;
			children = (
				EDC38D3C224F43C4008FF128 /* expirationdate.app */,
			);
			name = Products;
			sourceTree = "<group>";
		};
		EDC38D3E224F43C4008FF128 /* expirationdate */ = {
			isa = PBXGroup;
			children = (
				EDC38D3F224F43C4008FF128 /* AppDelegate.swift */,
				EDC38D41224F43C4008FF128 /* ViewController.swift */,
				EDC38D43224F43C4008FF128 /* Main.storyboard */,
				EDC38D51224F48AB008FF128 /* FoodCell.swift */,
				EDC38D53224F4A8F008FF128 /* foodfile.swift */,
				EDC38D46224F43C6008FF128 /* Assets.xcassets */,
				EDC38D48224F43C6008FF128 /* LaunchScreen.storyboard */,
				EDC38D4B224F43C6008FF128 /* Info.plist */,
			);
			path = expirationdate;
			sourceTree = "<group>";
		};
/* End PBXGroup section */

/* Begin PBXNativeTarget section */
		EDC38D3B224F43C4008FF128 /* expirationdate */ = {
			isa = PBXNativeTarget;
			buildConfigurationList = EDC38D4E224F43C6008FF128 /* Build configuration list for PBXNativeTarget "expirationdate" */;
			buildPhases = (
				EDC38D38224F43C4008FF128 /* Sources */,
				EDC38D39224F43C4008FF128 /* Frameworks */,
				EDC38D3A224F43C4008FF128 /* Resources */,
			);
			buildRules = (
			);
			dependencies = (
			);
			name = expirationdate;
			productName = expirationdate;
			productReference = EDC38D3C224F43C4008FF128 /* expirationdate.app */;
			productType = "com.apple.product-type.application";
		};
/* End PBXNativeTarget section */

/* Begin PBXProject section */
		EDC38D34224F43C4008FF128 /* Project object */ = {
			isa = PBXProject;
			attributes = {
				LastSwiftUpdateCheck = 1010;
				LastUpgradeCheck = 1010;
				ORGANIZATIONNAME = "Iris Jiang";
				TargetAttributes = {
					EDC38D3B224F43C4008FF128 = {
						CreatedOnToolsVersion = 10.1;
					};
				};
			};
			buildConfigurationList = EDC38D37224F43C4008FF128 /* Build configuration list for PBXProject "expirationdate" */;
			compatibilityVersion = "Xcode 9.3";
			developmentRegion = en;
			hasScannedForEncodings = 0;
			knownRegions = (
				en,
				Base,
			);
			mainGroup = EDC38D33224F43C4008FF128;
			productRefGroup = EDC38D3D224F43C4008FF128 /* Products */;
			projectDirPath = "";
			projectRoot = "";
			targets = (
				EDC38D3B224F43C4008FF128 /* expirationdate */,
			);
		};
/* End PBXProject section */

/* Begin PBXResourcesBuildPhase section */
		EDC38D3A224F43C4008FF128 /* Resources */ = {
			isa = PBXResourcesBuildPhase;
			buildActionMask = 2147483647;
			files = (
				EDC38D4A224F43C6008FF128 /* LaunchScreen.storyboard in Resources */,
				EDC38D47224F43C6008FF128 /* Assets.xcassets in Resources */,
				EDC38D45224F43C4008FF128 /* Main.storyboard in Resources */,
			);
			runOnlyForDeploymentPostprocessing = 0;
		};
/* End PBXResourcesBuildPhase section */

/* Begin PBXSourcesBuildPhase section */
		EDC38D38224F43C4008FF128 /* Sources */ = {
			isa = PBXSourcesBuildPhase;
			buildActionMask = 2147483647;
			files = (
				EDC38D42224F43C4008FF128 /* ViewController.swift in Sources */,
				EDC38D54224F4A8F008FF128 /* foodfile.swift in Sources */,
				EDC38D52224F48AB008FF128 /* FoodCell.swift in Sources */,
				EDC38D40224F43C4008FF128 /* AppDelegate.swift in Sources */,
			);
			runOnlyForDeploymentPostprocessing = 0;
		};
/* End PBXSourcesBuildPhase section */

/* Begin PBXVariantGroup section */
		EDC38D43224F43C4008FF128 /* Main.storyboard */ = {
			isa = PBXVariantGroup;
			children = (
				EDC38D44224F43C4008FF128 /* Base */,
			);
			name = Main.storyboard;
			sourceTree = "<group>";
		};
		EDC38D48224F43C6008FF128 /* LaunchScreen.storyboard */ = {
			isa = PBXVariantGroup;
			children = (
				EDC38D49224F43C6008FF128 /* Base */,
			);
			name = LaunchScreen.storyboard;
			sourceTree = "<group>";
		};
/* End PBXVariantGroup section */

/* Begin XCBuildConfiguration section */
		EDC38D4C224F43C6008FF128 /* Debug */ = {
			isa = XCBuildConfiguration;
			buildSettings = {
				ALWAYS_SEARCH_USER_PATHS = NO;
				CLANG_ANALYZER_NONNULL = YES;
				CLANG_ANALYZER_NUMBER_OBJECT_CONVERSION = YES_AGGRESSIVE;
				CLANG_CXX_LANGUAGE_STANDARD = "gnu++14";
				CLANG_CXX_LIBRARY = "libc++";
				CLANG_ENABLE_MODULES = YES;
				CLANG_ENABLE_OBJC_ARC = YES;
				CLANG_ENABLE_OBJC_WEAK = YES;
				CLANG_WARN_BLOCK_CAPTURE_AUTORELEASING = YES;
				CLANG_WARN_BOOL_CONVERSION = YES;
				CLANG_WARN_COMMA = YES;
				CLANG_WARN_CONSTANT_CONVERSION = YES;
				CLANG_WARN_DEPRECATED_OBJC_IMPLEMENTATIONS = YES;
				CLANG_WARN_DIRECT_OBJC_ISA_USAGE = YES_ERROR;
				CLANG_WARN_DOCUMENTATION_COMMENTS = YES;
				CLANG_WARN_EMPTY_BODY = YES;
				CLANG_WARN_ENUM_CONVERSION = YES;
				CLANG_WARN_INFINITE_RECURSION = YES;
				CLANG_WARN_INT_CONVERSION = YES;
				CLANG_WARN_NON_LITERAL_NULL_CONVERSION = YES;
				CLANG_WARN_OBJC_IMPLICIT_RETAIN_SELF = YES;
				CLANG_WARN_OBJC_LITERAL_CONVERSION = YES;
				CLANG_WARN_OBJC_ROOT_CLASS = YES_ERROR;
				CLANG_WARN_RANGE_LOOP_ANALYSIS = YES;
				CLANG_WARN_STRICT_PROTOTYPES = YES;
				CLANG_WARN_SUSPICIOUS_MOVE = YES;
				CLANG_WARN_UNGUARDED_AVAILABILITY = YES_AGGRESSIVE;
				CLANG_WARN_UNREACHABLE_CODE = YES;
				CLANG_WARN__DUPLICATE_METHOD_MATCH = YES;
				CODE_SIGN_IDENTITY = "iPhone Developer";
				COPY_PHASE_STRIP = NO;
				DEBUG_INFORMATION_FORMAT = dwarf;
				ENABLE_STRICT_OBJC_MSGSEND = YES;
				ENABLE_TESTABILITY = YES;
				GCC_C_LANGUAGE_STANDARD = gnu11;
				GCC_DYNAMIC_NO_PIC = NO;
				GCC_NO_COMMON_BLOCKS = YES;
				GCC_OPTIMIZATION_LEVEL = 0;
				GCC_PREPROCESSOR_DEFINITIONS = (
					"DEBUG=1",
					"$(inherited)",
				);
				GCC_WARN_64_TO_32_BIT_CONVERSION = YES;
				GCC_WARN_ABOUT_RETURN_TYPE = YES_ERROR;
				GCC_WARN_UNDECLARED_SELECTOR = YES;
				GCC_WARN_UNINITIALIZED_AUTOS = YES_AGGRESSIVE;
				GCC_WARN_UNUSED_FUNCTION = YES;
				GCC_WARN_UNUSED_VARIABLE = YES;
				IPHONEOS_DEPLOYMENT_TARGET = 12.1;
				MTL_ENABLE_DEBUG_INFO = INCLUDE_SOURCE;
				MTL_FAST_MATH = YES;
				ONLY_ACTIVE_ARCH = YES;
				SDKROOT = iphoneos;
				SWIFT_ACTIVE_COMPILATION_CONDITIONS = DEBUG;
				SWIFT_OPTIMIZATION_LEVEL = "-Onone";
			};
			name = Debug;
		};
		EDC38D4D224F43C6008FF128 /* Release */ = {
			isa = XCBuildConfiguration;
			buildSettings = {
				ALWAYS_SEARCH_USER_PATHS = NO;
				CLANG_ANALYZER_NONNULL = YES;
				CLANG_ANALYZER_NUMBER_OBJECT_CONVERSION = YES_AGGRESSIVE;
				CLANG_CXX_LANGUAGE_STANDARD = "gnu++14";
				CLANG_CXX_LIBRARY = "libc++";
				CLANG_ENABLE_MODULES = YES;
				CLANG_ENABLE_OBJC_ARC = YES;
				CLANG_ENABLE_OBJC_WEAK = YES;
				CLANG_WARN_BLOCK_CAPTURE_AUTORELEASING = YES;
				CLANG_WARN_BOOL_CONVERSION = YES;
				CLANG_WARN_COMMA = YES;
				CLANG_WARN_CONSTANT_CONVERSION = YES;
				CLANG_WARN_DEPRECATED_OBJC_IMPLEMENTATIONS = YES;
				CLANG_WARN_DIRECT_OBJC_ISA_USAGE = YES_ERROR;
				CLANG_WARN_DOCUMENTATION_COMMENTS = YES;
				CLANG_WARN_EMPTY_BODY = YES;
				CLANG_WARN_ENUM_CONVERSION = YES;
				CLANG_WARN_INFINITE_RECURSION = YES;
				CLANG_WARN_INT_CONVERSION = YES;
				CLANG_WARN_NON_LITERAL_NULL_CONVERSION = YES;
				CLANG_WARN_OBJC_IMPLICIT_RETAIN_SELF = YES;
				CLANG_WARN_OBJC_LITERAL_CONVERSION = YES;
				CLANG_WARN_OBJC_ROOT_CLASS = YES_ERROR;
				CLANG_WARN_RANGE_LOOP_ANALYSIS = YES;
				CLANG_WARN_STRICT_PROTOTYPES = YES;
				CLANG_WARN_SUSPICIOUS_MOVE = YES;
				CLANG_WARN_UNGUARDED_AVAILABILITY = YES_AGGRESSIVE;
				CLANG_WARN_UNREACHABLE_CODE = YES;
				CLANG_WARN__DUPLICATE_METHOD_MATCH = YES;
				CODE_SIGN_IDENTITY = "iPhone Developer";
				COPY_PHASE_STRIP = NO;
				DEBUG_INFORMATION_FORMAT = "dwarf-with-dsym";
				ENABLE_NS_ASSERTIONS = NO;
				ENABLE_STRICT_OBJC_MSGSEND = YES;
				GCC_C_LANGUAGE_STANDARD = gnu11;
				GCC_NO_COMMON_BLOCKS = YES;
				GCC_WARN_64_TO_32_BIT_CONVERSION = YES;
				GCC_WARN_ABOUT_RETURN_TYPE = YES_ERROR;
				GCC_WARN_UNDECLARED_SELECTOR = YES;
				GCC_WARN_UNINITIALIZED_AUTOS = YES_AGGRESSIVE;
				GCC_WARN_UNUSED_FUNCTION = YES;
				GCC_WARN_UNUSED_VARIABLE = YES;
				IPHONEOS_DEPLOYMENT_TARGET = 12.1;
				MTL_ENABLE_DEBUG_INFO = NO;
				MTL_FAST_MATH = YES;
				SDKROOT = iphoneos;
				SWIFT_COMPILATION_MODE = wholemodule;
				SWIFT_OPTIMIZATION_LEVEL = "-O";
				VALIDATE_PRODUCT = YES;
			};
			name = Release;
		};
		EDC38D4F224F43C6008FF128 /* Debug */ = {
			isa = XCBuildConfiguration;
			buildSettings = {
				ASSETCATALOG_COMPILER_APPICON_NAME = AppIcon;
				CODE_SIGN_STYLE = Automatic;
				INFOPLIST_FILE = expirationdate/Info.plist;
				LD_RUNPATH_SEARCH_PATHS = (
					"$(inherited)",
					"@executable_path/Frameworks",
				);
				PRODUCT_BUNDLE_IDENTIFIER = "Xiao-Jiang.expirationdate";
				PRODUCT_NAME = "$(TARGET_NAME)";
				SWIFT_VERSION = 4.2;
				TARGETED_DEVICE_FAMILY = "1,2";
			};
			name = Debug;
		};
		EDC38D50224F43C6008FF128 /* Release */ = {
			isa = XCBuildConfiguration;
			buildSettings = {
				ASSETCATALOG_COMPILER_APPICON_NAME = AppIcon;
				CODE_SIGN_STYLE = Automatic;
				INFOPLIST_FILE = expirationdate/Info.plist;
				LD_RUNPATH_SEARCH_PATHS = (
					"$(inherited)",
					"@executable_path/Frameworks",
				);
				PRODUCT_BUNDLE_IDENTIFIER = "Xiao-Jiang.expirationdate";
				PRODUCT_NAME = "$(TARGET_NAME)";
				SWIFT_VERSION = 4.2;
				TARGETED_DEVICE_FAMILY = "1,2";
			};
			name = Release;
		};
/* End XCBuildConfiguration section */

/* Begin XCConfigurationList section */
		EDC38D37224F43C4008FF128 /* Build configuration list for PBXProject "expirationdate" */ = {
			isa = XCConfigurationList;
			buildConfigurations = (
				EDC38D4C224F43C6008FF128 /* Debug */,
				EDC38D4D224F43C6008FF128 /* Release */,
			);
			defaultConfigurationIsVisible = 0;
			defaultConfigurationName = Release;
		};
		EDC38D4E224F43C6008FF128 /* Build configuration list for PBXNativeTarget "expirationdate" */ = {
			isa = XCConfigurationList;
			buildConfigurations = (
				EDC38D4F224F43C6008FF128 /* Debug */,
				EDC38D50224F43C6008FF128 /* Release */,
			);
			defaultConfigurationIsVisible = 0;
			defaultConfigurationName = Release;
		};
/* End XCConfigurationList section */
	};
	rootObject = EDC38D34224F43C4008FF128 /* Project object */;
}
